// !$*UTF8*$!
{
	archiveVersion = 1;
	classes = {
	};
	objectVersion = 46;
	objects = {

/* Begin PBXBuildFile section */
		61B04BFF9633F091CD7F1AD3 /* Pods_UpTests.framework in Frameworks */ = {isa = PBXBuildFile; fileRef = 383EEF91B36BA9A68497C553 /* Pods_UpTests.framework */; };
		7404C0421D1F5F3D004BD95F /* AppDelegate.swift in Sources */ = {isa = PBXBuildFile; fileRef = 7404C0411D1F5F3D004BD95F /* AppDelegate.swift */; };
		7404C0441D1F5F3D004BD95F /* UpViewController.swift in Sources */ = {isa = PBXBuildFile; fileRef = 7404C0431D1F5F3D004BD95F /* UpViewController.swift */; };
		7404C0471D1F5F3D004BD95F /* Main.storyboard in Resources */ = {isa = PBXBuildFile; fileRef = 7404C0451D1F5F3D004BD95F /* Main.storyboard */; };
		7404C04A1D1F5F3D004BD95F /* Up.xcdatamodeld in Sources */ = {isa = PBXBuildFile; fileRef = 7404C0481D1F5F3D004BD95F /* Up.xcdatamodeld */; };
		7404C04C1D1F5F3D004BD95F /* Assets.xcassets in Resources */ = {isa = PBXBuildFile; fileRef = 7404C04B1D1F5F3D004BD95F /* Assets.xcassets */; };
		7404C04F1D1F5F3D004BD95F /* LaunchScreen.storyboard in Resources */ = {isa = PBXBuildFile; fileRef = 7404C04D1D1F5F3D004BD95F /* LaunchScreen.storyboard */; };
		7404C05A1D1F5F3E004BD95F /* UpTests.swift in Sources */ = {isa = PBXBuildFile; fileRef = 7404C0591D1F5F3E004BD95F /* UpTests.swift */; };
		7404C0651D1F5F3E004BD95F /* UpUITests.swift in Sources */ = {isa = PBXBuildFile; fileRef = 7404C0641D1F5F3E004BD95F /* UpUITests.swift */; };
		7404C0731D1F6031004BD95F /* UpCollectionViewCell.swift in Sources */ = {isa = PBXBuildFile; fileRef = 7404C0721D1F6031004BD95F /* UpCollectionViewCell.swift */; };
		7404C0751D1F7148004BD95F /* UpNavigationController.swift in Sources */ = {isa = PBXBuildFile; fileRef = 7404C0741D1F7148004BD95F /* UpNavigationController.swift */; };
		741A5ABB1D4ADD1C0003468D /* CreateUpViewController.swift in Sources */ = {isa = PBXBuildFile; fileRef = 741A5ABA1D4ADD1C0003468D /* CreateUpViewController.swift */; };
		7456F5111D7BACFC003CF997 /* Inquiry.swift in Sources */ = {isa = PBXBuildFile; fileRef = 7456F5101D7BACFC003CF997 /* Inquiry.swift */; };
		7456F5131D7BAD0E003CF997 /* Response.swift in Sources */ = {isa = PBXBuildFile; fileRef = 7456F5121D7BAD0E003CF997 /* Response.swift */; };
		7463802B1D85119000244950 /* CheckmarkView.swift in Sources */ = {isa = PBXBuildFile; fileRef = 7463802A1D85119000244950 /* CheckmarkView.swift */; };
		746380371D86000000244950 /* UpButton.swift in Sources */ = {isa = PBXBuildFile; fileRef = 746380361D86000000244950 /* UpButton.swift */; };
		746380391D86001C00244950 /* DownButton.swift in Sources */ = {isa = PBXBuildFile; fileRef = 746380381D86001C00244950 /* DownButton.swift */; };
		74757B891D80EC7400C88302 /* UpTabBarController.swift in Sources */ = {isa = PBXBuildFile; fileRef = 74757B881D80EC7400C88302 /* UpTabBarController.swift */; };
		7479CD9D1D72548A0005F3E2 /* InquiriesViewController.swift in Sources */ = {isa = PBXBuildFile; fileRef = 7479CD9C1D72548A0005F3E2 /* InquiriesViewController.swift */; };
		7479CD9F1D725AA50005F3E2 /* InquiriesCollectionViewCell.swift in Sources */ = {isa = PBXBuildFile; fileRef = 7479CD9E1D725AA50005F3E2 /* InquiriesCollectionViewCell.swift */; };
		7479CDA11D729F330005F3E2 /* DatabaseHelper.swift in Sources */ = {isa = PBXBuildFile; fileRef = 7479CDA01D729F330005F3E2 /* DatabaseHelper.swift */; };
		7479CDA31D7398F50005F3E2 /* SettingsViewController.swift in Sources */ = {isa = PBXBuildFile; fileRef = 7479CDA21D7398F50005F3E2 /* SettingsViewController.swift */; };
		7489716F1D7FB52700BBB94D /* UpStyleKit.swift in Sources */ = {isa = PBXBuildFile; fileRef = 7489716E1D7FB52700BBB94D /* UpStyleKit.swift */; };
		74950BAF1D344ECF000EAB79 /* GoogleService-Info.plist in Resources */ = {isa = PBXBuildFile; fileRef = 74950BAE1D344ECF000EAB79 /* GoogleService-Info.plist */; };
		74B182E11D77980600CC4873 /* RequestsPageViewController.swift in Sources */ = {isa = PBXBuildFile; fileRef = 74B182E01D77980600CC4873 /* RequestsPageViewController.swift */; };
		74B182E31D779C5A00CC4873 /* ResponsesViewController.swift in Sources */ = {isa = PBXBuildFile; fileRef = 74B182E21D779C5A00CC4873 /* ResponsesViewController.swift */; };
		74B182E51D77A7D500CC4873 /* ResponseCollectionViewCell.swift in Sources */ = {isa = PBXBuildFile; fileRef = 74B182E41D77A7D500CC4873 /* ResponseCollectionViewCell.swift */; };
		74C73BA11D6FC2B300E011AD /* Constants.swift in Sources */ = {isa = PBXBuildFile; fileRef = 74C73BA01D6FC2B300E011AD /* Constants.swift */; };
		74C73BA51D6FCE5A00E011AD /* LogInViewController.swift in Sources */ = {isa = PBXBuildFile; fileRef = 74C73BA41D6FCE5A00E011AD /* LogInViewController.swift */; };
		74C73BA71D6FDF3900E011AD /* Helpers.swift in Sources */ = {isa = PBXBuildFile; fileRef = 74C73BA61D6FDF3900E011AD /* Helpers.swift */; };
		74D9CB451D6D404B00AB48A6 /* Up.swift in Sources */ = {isa = PBXBuildFile; fileRef = 74D9CB441D6D404B00AB48A6 /* Up.swift */; };
		74D9CB471D6E6DC600AB48A6 /* Friend.swift in Sources */ = {isa = PBXBuildFile; fileRef = 74D9CB461D6E6DC600AB48A6 /* Friend.swift */; };
		93CBC2618F3729EB927688C3 /* Pods_UpUITests.framework in Frameworks */ = {isa = PBXBuildFile; fileRef = 3D615802F9075F3E34783DF8 /* Pods_UpUITests.framework */; };
		A98636F8639F68972F44FDAA /* Pods_Up.framework in Frameworks */ = {isa = PBXBuildFile; fileRef = 67E6B664E188DB13C9A091BC /* Pods_Up.framework */; };
/* End PBXBuildFile section */

/* Begin PBXContainerItemProxy section */
		7404C0561D1F5F3E004BD95F /* PBXContainerItemProxy */ = {
			isa = PBXContainerItemProxy;
			containerPortal = 7404C0361D1F5F3D004BD95F /* Project object */;
			proxyType = 1;
			remoteGlobalIDString = 7404C03D1D1F5F3D004BD95F;
			remoteInfo = Up;
		};
		7404C0611D1F5F3E004BD95F /* PBXContainerItemProxy */ = {
			isa = PBXContainerItemProxy;
			containerPortal = 7404C0361D1F5F3D004BD95F /* Project object */;
			proxyType = 1;
			remoteGlobalIDString = 7404C03D1D1F5F3D004BD95F;
			remoteInfo = Up;
		};
/* End PBXContainerItemProxy section */

/* Begin PBXFileReference section */
		0A74C6EF3FB9D85897EC4A83 /* Pods-UpUITests.release.xcconfig */ = {isa = PBXFileReference; includeInIndex = 1; lastKnownFileType = text.xcconfig; name = "Pods-UpUITests.release.xcconfig"; path = "Pods/Target Support Files/Pods-UpUITests/Pods-UpUITests.release.xcconfig"; sourceTree = "<group>"; };
		383EEF91B36BA9A68497C553 /* Pods_UpTests.framework */ = {isa = PBXFileReference; explicitFileType = wrapper.framework; includeInIndex = 0; path = Pods_UpTests.framework; sourceTree = BUILT_PRODUCTS_DIR; };
		38DE24A198A0A06E2BDCFAFE /* Pods-Up.release.xcconfig */ = {isa = PBXFileReference; includeInIndex = 1; lastKnownFileType = text.xcconfig; name = "Pods-Up.release.xcconfig"; path = "Pods/Target Support Files/Pods-Up/Pods-Up.release.xcconfig"; sourceTree = "<group>"; };
		3D615802F9075F3E34783DF8 /* Pods_UpUITests.framework */ = {isa = PBXFileReference; explicitFileType = wrapper.framework; includeInIndex = 0; path = Pods_UpUITests.framework; sourceTree = BUILT_PRODUCTS_DIR; };
		49F585DABD321D617FB4C6AE /* Pods-UpTests.debug.xcconfig */ = {isa = PBXFileReference; includeInIndex = 1; lastKnownFileType = text.xcconfig; name = "Pods-UpTests.debug.xcconfig"; path = "Pods/Target Support Files/Pods-UpTests/Pods-UpTests.debug.xcconfig"; sourceTree = "<group>"; };
		67E6B664E188DB13C9A091BC /* Pods_Up.framework */ = {isa = PBXFileReference; explicitFileType = wrapper.framework; includeInIndex = 0; path = Pods_Up.framework; sourceTree = BUILT_PRODUCTS_DIR; };
		7404C03E1D1F5F3D004BD95F /* Up.app */ = {isa = PBXFileReference; explicitFileType = wrapper.application; includeInIndex = 0; path = Up.app; sourceTree = BUILT_PRODUCTS_DIR; };
		7404C0411D1F5F3D004BD95F /* AppDelegate.swift */ = {isa = PBXFileReference; lastKnownFileType = sourcecode.swift; path = AppDelegate.swift; sourceTree = "<group>"; };
		7404C0431D1F5F3D004BD95F /* UpViewController.swift */ = {isa = PBXFileReference; lastKnownFileType = sourcecode.swift; path = UpViewController.swift; sourceTree = "<group>"; };
		7404C0461D1F5F3D004BD95F /* Base */ = {isa = PBXFileReference; lastKnownFileType = file.storyboard; name = Base; path = Base.lproj/Main.storyboard; sourceTree = "<group>"; };
		7404C0491D1F5F3D004BD95F /* Up.xcdatamodel */ = {isa = PBXFileReference; lastKnownFileType = wrapper.xcdatamodel; path = Up.xcdatamodel; sourceTree = "<group>"; };
		7404C04B1D1F5F3D004BD95F /* Assets.xcassets */ = {isa = PBXFileReference; lastKnownFileType = folder.assetcatalog; path = Assets.xcassets; sourceTree = "<group>"; };
		7404C04E1D1F5F3D004BD95F /* Base */ = {isa = PBXFileReference; lastKnownFileType = file.storyboard; name = Base; path = Base.lproj/LaunchScreen.storyboard; sourceTree = "<group>"; };
		7404C0501D1F5F3D004BD95F /* Info.plist */ = {isa = PBXFileReference; lastKnownFileType = text.plist.xml; path = Info.plist; sourceTree = "<group>"; };
		7404C0551D1F5F3E004BD95F /* UpTests.xctest */ = {isa = PBXFileReference; explicitFileType = wrapper.cfbundle; includeInIndex = 0; path = UpTests.xctest; sourceTree = BUILT_PRODUCTS_DIR; };
		7404C0591D1F5F3E004BD95F /* UpTests.swift */ = {isa = PBXFileReference; lastKnownFileType = sourcecode.swift; path = UpTests.swift; sourceTree = "<group>"; };
		7404C05B1D1F5F3E004BD95F /* Info.plist */ = {isa = PBXFileReference; lastKnownFileType = text.plist.xml; path = Info.plist; sourceTree = "<group>"; };
		7404C0601D1F5F3E004BD95F /* UpUITests.xctest */ = {isa = PBXFileReference; explicitFileType = wrapper.cfbundle; includeInIndex = 0; path = UpUITests.xctest; sourceTree = BUILT_PRODUCTS_DIR; };
		7404C0641D1F5F3E004BD95F /* UpUITests.swift */ = {isa = PBXFileReference; lastKnownFileType = sourcecode.swift; path = UpUITests.swift; sourceTree = "<group>"; };
		7404C0661D1F5F3E004BD95F /* Info.plist */ = {isa = PBXFileReference; lastKnownFileType = text.plist.xml; path = Info.plist; sourceTree = "<group>"; };
		7404C0721D1F6031004BD95F /* UpCollectionViewCell.swift */ = {isa = PBXFileReference; fileEncoding = 4; lastKnownFileType = sourcecode.swift; path = UpCollectionViewCell.swift; sourceTree = "<group>"; };
		7404C0741D1F7148004BD95F /* UpNavigationController.swift */ = {isa = PBXFileReference; fileEncoding = 4; lastKnownFileType = sourcecode.swift; path = UpNavigationController.swift; sourceTree = "<group>"; };
		7404C0761D1F75DC004BD95F /* Up.entitlements */ = {isa = PBXFileReference; lastKnownFileType = text.xml; path = Up.entitlements; sourceTree = "<group>"; };
		741A5ABA1D4ADD1C0003468D /* CreateUpViewController.swift */ = {isa = PBXFileReference; fileEncoding = 4; lastKnownFileType = sourcecode.swift; path = CreateUpViewController.swift; sourceTree = "<group>"; };
		7456F5101D7BACFC003CF997 /* Inquiry.swift */ = {isa = PBXFileReference; fileEncoding = 4; lastKnownFileType = sourcecode.swift; path = Inquiry.swift; sourceTree = "<group>"; };
		7456F5121D7BAD0E003CF997 /* Response.swift */ = {isa = PBXFileReference; fileEncoding = 4; lastKnownFileType = sourcecode.swift; path = Response.swift; sourceTree = "<group>"; };
		7463802A1D85119000244950 /* CheckmarkView.swift */ = {isa = PBXFileReference; fileEncoding = 4; lastKnownFileType = sourcecode.swift; path = CheckmarkView.swift; sourceTree = "<group>"; };
		746380361D86000000244950 /* UpButton.swift */ = {isa = PBXFileReference; fileEncoding = 4; lastKnownFileType = sourcecode.swift; path = UpButton.swift; sourceTree = "<group>"; };
		746380381D86001C00244950 /* DownButton.swift */ = {isa = PBXFileReference; fileEncoding = 4; lastKnownFileType = sourcecode.swift; path = DownButton.swift; sourceTree = "<group>"; };
		74757B881D80EC7400C88302 /* UpTabBarController.swift */ = {isa = PBXFileReference; fileEncoding = 4; lastKnownFileType = sourcecode.swift; path = UpTabBarController.swift; sourceTree = "<group>"; };
		7479CD9C1D72548A0005F3E2 /* InquiriesViewController.swift */ = {isa = PBXFileReference; fileEncoding = 4; lastKnownFileType = sourcecode.swift; path = InquiriesViewController.swift; sourceTree = "<group>"; };
		7479CD9E1D725AA50005F3E2 /* InquiriesCollectionViewCell.swift */ = {isa = PBXFileReference; fileEncoding = 4; lastKnownFileType = sourcecode.swift; path = InquiriesCollectionViewCell.swift; sourceTree = "<group>"; };
		7479CDA01D729F330005F3E2 /* DatabaseHelper.swift */ = {isa = PBXFileReference; fileEncoding = 4; lastKnownFileType = sourcecode.swift; path = DatabaseHelper.swift; sourceTree = "<group>"; };
		7479CDA21D7398F50005F3E2 /* SettingsViewController.swift */ = {isa = PBXFileReference; fileEncoding = 4; lastKnownFileType = sourcecode.swift; path = SettingsViewController.swift; sourceTree = "<group>"; };
		7489716E1D7FB52700BBB94D /* UpStyleKit.swift */ = {isa = PBXFileReference; fileEncoding = 4; lastKnownFileType = sourcecode.swift; path = UpStyleKit.swift; sourceTree = "<group>"; };
		74950BAE1D344ECF000EAB79 /* GoogleService-Info.plist */ = {isa = PBXFileReference; fileEncoding = 4; lastKnownFileType = text.plist.xml; path = "GoogleService-Info.plist"; sourceTree = "<group>"; };
		74B182E01D77980600CC4873 /* RequestsPageViewController.swift */ = {isa = PBXFileReference; fileEncoding = 4; lastKnownFileType = sourcecode.swift; path = RequestsPageViewController.swift; sourceTree = "<group>"; };
		74B182E21D779C5A00CC4873 /* ResponsesViewController.swift */ = {isa = PBXFileReference; fileEncoding = 4; lastKnownFileType = sourcecode.swift; path = ResponsesViewController.swift; sourceTree = "<group>"; };
		74B182E41D77A7D500CC4873 /* ResponseCollectionViewCell.swift */ = {isa = PBXFileReference; fileEncoding = 4; lastKnownFileType = sourcecode.swift; path = ResponseCollectionViewCell.swift; sourceTree = "<group>"; };
		74C73BA01D6FC2B300E011AD /* Constants.swift */ = {isa = PBXFileReference; fileEncoding = 4; lastKnownFileType = sourcecode.swift; path = Constants.swift; sourceTree = "<group>"; };
		74C73BA41D6FCE5A00E011AD /* LogInViewController.swift */ = {isa = PBXFileReference; fileEncoding = 4; lastKnownFileType = sourcecode.swift; path = LogInViewController.swift; sourceTree = "<group>"; };
		74C73BA61D6FDF3900E011AD /* Helpers.swift */ = {isa = PBXFileReference; fileEncoding = 4; lastKnownFileType = sourcecode.swift; path = Helpers.swift; sourceTree = "<group>"; };
		74D9CB441D6D404B00AB48A6 /* Up.swift */ = {isa = PBXFileReference; fileEncoding = 4; lastKnownFileType = sourcecode.swift; path = Up.swift; sourceTree = "<group>"; };
		74D9CB461D6E6DC600AB48A6 /* Friend.swift */ = {isa = PBXFileReference; fileEncoding = 4; lastKnownFileType = sourcecode.swift; path = Friend.swift; sourceTree = "<group>"; };
		C925C7BA7820E4F9C5E32485 /* Pods-Up.debug.xcconfig */ = {isa = PBXFileReference; includeInIndex = 1; lastKnownFileType = text.xcconfig; name = "Pods-Up.debug.xcconfig"; path = "Pods/Target Support Files/Pods-Up/Pods-Up.debug.xcconfig"; sourceTree = "<group>"; };
		CEA8286ECD8C5E40B1AB2FFC /* Pods-UpUITests.debug.xcconfig */ = {isa = PBXFileReference; includeInIndex = 1; lastKnownFileType = text.xcconfig; name = "Pods-UpUITests.debug.xcconfig"; path = "Pods/Target Support Files/Pods-UpUITests/Pods-UpUITests.debug.xcconfig"; sourceTree = "<group>"; };
		F0EF4CDCC9B67D30E74EE5B7 /* Pods-UpTests.release.xcconfig */ = {isa = PBXFileReference; includeInIndex = 1; lastKnownFileType = text.xcconfig; name = "Pods-UpTests.release.xcconfig"; path = "Pods/Target Support Files/Pods-UpTests/Pods-UpTests.release.xcconfig"; sourceTree = "<group>"; };
/* End PBXFileReference section */

/* Begin PBXFrameworksBuildPhase section */
		7404C03B1D1F5F3D004BD95F /* Frameworks */ = {
			isa = PBXFrameworksBuildPhase;
			buildActionMask = 2147483647;
			files = (
				A98636F8639F68972F44FDAA /* Pods_Up.framework in Frameworks */,
			);
			runOnlyForDeploymentPostprocessing = 0;
		};
		7404C0521D1F5F3E004BD95F /* Frameworks */ = {
			isa = PBXFrameworksBuildPhase;
			buildActionMask = 2147483647;
			files = (
				61B04BFF9633F091CD7F1AD3 /* Pods_UpTests.framework in Frameworks */,
			);
			runOnlyForDeploymentPostprocessing = 0;
		};
		7404C05D1D1F5F3E004BD95F /* Frameworks */ = {
			isa = PBXFrameworksBuildPhase;
			buildActionMask = 2147483647;
			files = (
				93CBC2618F3729EB927688C3 /* Pods_UpUITests.framework in Frameworks */,
			);
			runOnlyForDeploymentPostprocessing = 0;
		};
/* End PBXFrameworksBuildPhase section */

/* Begin PBXGroup section */
		5DC02BFDF439D5D15B9ECDC8 /* Frameworks */ = {
			isa = PBXGroup;
			children = (
				67E6B664E188DB13C9A091BC /* Pods_Up.framework */,
				383EEF91B36BA9A68497C553 /* Pods_UpTests.framework */,
				3D615802F9075F3E34783DF8 /* Pods_UpUITests.framework */,
			);
			name = Frameworks;
			sourceTree = "<group>";
		};
		7404C0351D1F5F3D004BD95F = {
			isa = PBXGroup;
			children = (
				7489716E1D7FB52700BBB94D /* UpStyleKit.swift */,
				74950BAE1D344ECF000EAB79 /* GoogleService-Info.plist */,
				7404C0401D1F5F3D004BD95F /* Up */,
				7404C0581D1F5F3E004BD95F /* UpTests */,
				7404C0631D1F5F3E004BD95F /* UpUITests */,
				7404C03F1D1F5F3D004BD95F /* Products */,
				CC531C2D049B0ABF432DD091 /* Pods */,
				5DC02BFDF439D5D15B9ECDC8 /* Frameworks */,
			);
			sourceTree = "<group>";
		};
		7404C03F1D1F5F3D004BD95F /* Products */ = {
			isa = PBXGroup;
			children = (
				7404C03E1D1F5F3D004BD95F /* Up.app */,
				7404C0551D1F5F3E004BD95F /* UpTests.xctest */,
				7404C0601D1F5F3E004BD95F /* UpUITests.xctest */,
			);
			name = Products;
			sourceTree = "<group>";
		};
		7404C0401D1F5F3D004BD95F /* Up */ = {
			isa = PBXGroup;
			children = (
				746380291D85111F00244950 /* Misc. Views */,
				7404C0761D1F75DC004BD95F /* Up.entitlements */,
				7404C0411D1F5F3D004BD95F /* AppDelegate.swift */,
				746380271D84842800244950 /* Up View */,
				746380261D84841300244950 /* Requests */,
				7479CDA01D729F330005F3E2 /* DatabaseHelper.swift */,
				741A5ABA1D4ADD1C0003468D /* CreateUpViewController.swift */,
				7404C0741D1F7148004BD95F /* UpNavigationController.swift */,
				74757B881D80EC7400C88302 /* UpTabBarController.swift */,
				74C73BA41D6FCE5A00E011AD /* LogInViewController.swift */,
				7479CDA21D7398F50005F3E2 /* SettingsViewController.swift */,
				74C73BA61D6FDF3900E011AD /* Helpers.swift */,
				746380281D84845E00244950 /* Models */,
				74C73BA01D6FC2B300E011AD /* Constants.swift */,
				7404C0451D1F5F3D004BD95F /* Main.storyboard */,
				7404C04B1D1F5F3D004BD95F /* Assets.xcassets */,
				7404C04D1D1F5F3D004BD95F /* LaunchScreen.storyboard */,
				7404C0501D1F5F3D004BD95F /* Info.plist */,
				7404C0481D1F5F3D004BD95F /* Up.xcdatamodeld */,
			);
			path = Up;
			sourceTree = "<group>";
		};
		7404C0581D1F5F3E004BD95F /* UpTests */ = {
			isa = PBXGroup;
			children = (
				7404C0591D1F5F3E004BD95F /* UpTests.swift */,
				7404C05B1D1F5F3E004BD95F /* Info.plist */,
			);
			path = UpTests;
			sourceTree = "<group>";
		};
		7404C0631D1F5F3E004BD95F /* UpUITests */ = {
			isa = PBXGroup;
			children = (
				7404C0641D1F5F3E004BD95F /* UpUITests.swift */,
				7404C0661D1F5F3E004BD95F /* Info.plist */,
			);
			path = UpUITests;
			sourceTree = "<group>";
		};
		746380261D84841300244950 /* Requests */ = {
			isa = PBXGroup;
			children = (
				7479CD9C1D72548A0005F3E2 /* InquiriesViewController.swift */,
				74B182E21D779C5A00CC4873 /* ResponsesViewController.swift */,
				7479CD9E1D725AA50005F3E2 /* InquiriesCollectionViewCell.swift */,
				74B182E41D77A7D500CC4873 /* ResponseCollectionViewCell.swift */,
				74B182E01D77980600CC4873 /* RequestsPageViewController.swift */,
			);
			name = Requests;
			sourceTree = "<group>";
		};
		746380271D84842800244950 /* Up View */ = {
			isa = PBXGroup;
			children = (
				7404C0431D1F5F3D004BD95F /* UpViewController.swift */,
				7404C0721D1F6031004BD95F /* UpCollectionViewCell.swift */,
			);
			name = "Up View";
			sourceTree = "<group>";
		};
		746380281D84845E00244950 /* Models */ = {
			isa = PBXGroup;
			children = (
				7456F5121D7BAD0E003CF997 /* Response.swift */,
				7456F5101D7BACFC003CF997 /* Inquiry.swift */,
				74D9CB441D6D404B00AB48A6 /* Up.swift */,
				74D9CB461D6E6DC600AB48A6 /* Friend.swift */,
			);
			name = Models;
			sourceTree = "<group>";
		};
		746380291D85111F00244950 /* Misc. Views */ = {
			isa = PBXGroup;
			children = (
				7463802A1D85119000244950 /* CheckmarkView.swift */,
				746380361D86000000244950 /* UpButton.swift */,
				746380381D86001C00244950 /* DownButton.swift */,
			);
			name = "Misc. Views";
			sourceTree = "<group>";
		};
		CC531C2D049B0ABF432DD091 /* Pods */ = {
			isa = PBXGroup;
			children = (
				C925C7BA7820E4F9C5E32485 /* Pods-Up.debug.xcconfig */,
				38DE24A198A0A06E2BDCFAFE /* Pods-Up.release.xcconfig */,
				49F585DABD321D617FB4C6AE /* Pods-UpTests.debug.xcconfig */,
				F0EF4CDCC9B67D30E74EE5B7 /* Pods-UpTests.release.xcconfig */,
				CEA8286ECD8C5E40B1AB2FFC /* Pods-UpUITests.debug.xcconfig */,
				0A74C6EF3FB9D85897EC4A83 /* Pods-UpUITests.release.xcconfig */,
			);
			name = Pods;
			sourceTree = "<group>";
		};
/* End PBXGroup section */

/* Begin PBXNativeTarget section */
		7404C03D1D1F5F3D004BD95F /* Up */ = {
			isa = PBXNativeTarget;
			buildConfigurationList = 7404C0691D1F5F3E004BD95F /* Build configuration list for PBXNativeTarget "Up" */;
			buildPhases = (
				E41C96D7C3326AA385125074 /* [CP] Check Pods Manifest.lock */,
				7404C03A1D1F5F3D004BD95F /* Sources */,
				7404C03B1D1F5F3D004BD95F /* Frameworks */,
				7404C03C1D1F5F3D004BD95F /* Resources */,
				9B2B3B6FA1A79FC8DD1335F7 /* [CP] Embed Pods Frameworks */,
				D431E2C10FFD4F034B096B9E /* [CP] Copy Pods Resources */,
			);
			buildRules = (
			);
			dependencies = (
			);
			name = Up;
			productName = Up;
			productReference = 7404C03E1D1F5F3D004BD95F /* Up.app */;
			productType = "com.apple.product-type.application";
		};
		7404C0541D1F5F3E004BD95F /* UpTests */ = {
			isa = PBXNativeTarget;
			buildConfigurationList = 7404C06C1D1F5F3E004BD95F /* Build configuration list for PBXNativeTarget "UpTests" */;
			buildPhases = (
				ED3F2122075EEB47F42594DC /* [CP] Check Pods Manifest.lock */,
				7404C0511D1F5F3E004BD95F /* Sources */,
				7404C0521D1F5F3E004BD95F /* Frameworks */,
				7404C0531D1F5F3E004BD95F /* Resources */,
				02364693D2E81F205C804533 /* [CP] Embed Pods Frameworks */,
				BBE0E5A8AA3AE0D4589DE54B /* [CP] Copy Pods Resources */,
			);
			buildRules = (
			);
			dependencies = (
				7404C0571D1F5F3E004BD95F /* PBXTargetDependency */,
			);
			name = UpTests;
			productName = UpTests;
			productReference = 7404C0551D1F5F3E004BD95F /* UpTests.xctest */;
			productType = "com.apple.product-type.bundle.unit-test";
		};
		7404C05F1D1F5F3E004BD95F /* UpUITests */ = {
			isa = PBXNativeTarget;
			buildConfigurationList = 7404C06F1D1F5F3E004BD95F /* Build configuration list for PBXNativeTarget "UpUITests" */;
			buildPhases = (
				7218F4BE6642DF3923216E2E /* [CP] Check Pods Manifest.lock */,
				7404C05C1D1F5F3E004BD95F /* Sources */,
				7404C05D1D1F5F3E004BD95F /* Frameworks */,
				7404C05E1D1F5F3E004BD95F /* Resources */,
				A6CB22A25F8AC686491E880C /* [CP] Embed Pods Frameworks */,
				ABAEB062E20BAF3451E902EE /* [CP] Copy Pods Resources */,
			);
			buildRules = (
			);
			dependencies = (
				7404C0621D1F5F3E004BD95F /* PBXTargetDependency */,
			);
			name = UpUITests;
			productName = UpUITests;
			productReference = 7404C0601D1F5F3E004BD95F /* UpUITests.xctest */;
			productType = "com.apple.product-type.bundle.ui-testing";
		};
/* End PBXNativeTarget section */

/* Begin PBXProject section */
		7404C0361D1F5F3D004BD95F /* Project object */ = {
			isa = PBXProject;
			attributes = {
				LastSwiftMigration = 0730;
				LastSwiftUpdateCheck = 0720;
				LastUpgradeCheck = 0800;
				ORGANIZATIONNAME = "Hyper Elephant";
				TargetAttributes = {
					7404C03D1D1F5F3D004BD95F = {
						CreatedOnToolsVersion = 7.2.1;
						DevelopmentTeam = J7826XAREP;
						LastSwiftMigration = 0820;
						ProvisioningStyle = Automatic;
						SystemCapabilities = {
							com.apple.iCloud = {
								enabled = 0;
							};
						};
					};
					7404C0541D1F5F3E004BD95F = {
						CreatedOnToolsVersion = 7.2.1;
						LastSwiftMigration = 0820;
						TestTargetID = 7404C03D1D1F5F3D004BD95F;
					};
					7404C05F1D1F5F3E004BD95F = {
						CreatedOnToolsVersion = 7.2.1;
						LastSwiftMigration = 0820;
						TestTargetID = 7404C03D1D1F5F3D004BD95F;
					};
				};
			};
			buildConfigurationList = 7404C0391D1F5F3D004BD95F /* Build configuration list for PBXProject "Up" */;
			compatibilityVersion = "Xcode 3.2";
			developmentRegion = English;
			hasScannedForEncodings = 0;
			knownRegions = (
				en,
				Base,
			);
			mainGroup = 7404C0351D1F5F3D004BD95F;
			productRefGroup = 7404C03F1D1F5F3D004BD95F /* Products */;
			projectDirPath = "";
			projectRoot = "";
			targets = (
				7404C03D1D1F5F3D004BD95F /* Up */,
				7404C0541D1F5F3E004BD95F /* UpTests */,
				7404C05F1D1F5F3E004BD95F /* UpUITests */,
			);
		};
/* End PBXProject section */

/* Begin PBXResourcesBuildPhase section */
		7404C03C1D1F5F3D004BD95F /* Resources */ = {
			isa = PBXResourcesBuildPhase;
			buildActionMask = 2147483647;
			files = (
				7404C04F1D1F5F3D004BD95F /* LaunchScreen.storyboard in Resources */,
				74950BAF1D344ECF000EAB79 /* GoogleService-Info.plist in Resources */,
				7404C04C1D1F5F3D004BD95F /* Assets.xcassets in Resources */,
				7404C0471D1F5F3D004BD95F /* Main.storyboard in Resources */,
			);
			runOnlyForDeploymentPostprocessing = 0;
		};
		7404C0531D1F5F3E004BD95F /* Resources */ = {
			isa = PBXResourcesBuildPhase;
			buildActionMask = 2147483647;
			files = (
			);
			runOnlyForDeploymentPostprocessing = 0;
		};
		7404C05E1D1F5F3E004BD95F /* Resources */ = {
			isa = PBXResourcesBuildPhase;
			buildActionMask = 2147483647;
			files = (
			);
			runOnlyForDeploymentPostprocessing = 0;
		};
/* End PBXResourcesBuildPhase section */

/* Begin PBXShellScriptBuildPhase section */
		02364693D2E81F205C804533 /* [CP] Embed Pods Frameworks */ = {
			isa = PBXShellScriptBuildPhase;
			buildActionMask = 2147483647;
			files = (
			);
			inputPaths = (
			);
			name = "[CP] Embed Pods Frameworks";
			outputPaths = (
			);
			runOnlyForDeploymentPostprocessing = 0;
			shellPath = /bin/sh;
			shellScript = "\"${SRCROOT}/Pods/Target Support Files/Pods-UpTests/Pods-UpTests-frameworks.sh\"\n";
			showEnvVarsInLog = 0;
		};
		7218F4BE6642DF3923216E2E /* [CP] Check Pods Manifest.lock */ = {
			isa = PBXShellScriptBuildPhase;
			buildActionMask = 2147483647;
			files = (
			);
			inputPaths = (
			);
			name = "[CP] Check Pods Manifest.lock";
			outputPaths = (
			);
			runOnlyForDeploymentPostprocessing = 0;
			shellPath = /bin/sh;
			shellScript = "diff \"${PODS_ROOT}/../Podfile.lock\" \"${PODS_ROOT}/Manifest.lock\" > /dev/null\nif [ $? != 0 ] ; then\n    # print error to STDERR\n    echo \"error: The sandbox is not in sync with the Podfile.lock. Run 'pod install' or update your CocoaPods installation.\" >&2\n    exit 1\nfi\n";
			showEnvVarsInLog = 0;
		};
		9B2B3B6FA1A79FC8DD1335F7 /* [CP] Embed Pods Frameworks */ = {
			isa = PBXShellScriptBuildPhase;
			buildActionMask = 2147483647;
			files = (
			);
			inputPaths = (
			);
			name = "[CP] Embed Pods Frameworks";
			outputPaths = (
			);
			runOnlyForDeploymentPostprocessing = 0;
			shellPath = /bin/sh;
			shellScript = "\"${SRCROOT}/Pods/Target Support Files/Pods-Up/Pods-Up-frameworks.sh\"\n";
			showEnvVarsInLog = 0;
		};
		A6CB22A25F8AC686491E880C /* [CP] Embed Pods Frameworks */ = {
			isa = PBXShellScriptBuildPhase;
			buildActionMask = 2147483647;
			files = (
			);
			inputPaths = (
			);
			name = "[CP] Embed Pods Frameworks";
			outputPaths = (
			);
			runOnlyForDeploymentPostprocessing = 0;
			shellPath = /bin/sh;
			shellScript = "\"${SRCROOT}/Pods/Target Support Files/Pods-UpUITests/Pods-UpUITests-frameworks.sh\"\n";
			showEnvVarsInLog = 0;
		};
		ABAEB062E20BAF3451E902EE /* [CP] Copy Pods Resources */ = {
			isa = PBXShellScriptBuildPhase;
			buildActionMask = 2147483647;
			files = (
			);
			inputPaths = (
			);
			name = "[CP] Copy Pods Resources";
			outputPaths = (
			);
			runOnlyForDeploymentPostprocessing = 0;
			shellPath = /bin/sh;
			shellScript = "\"${SRCROOT}/Pods/Target Support Files/Pods-UpUITests/Pods-UpUITests-resources.sh\"\n";
			showEnvVarsInLog = 0;
		};
		BBE0E5A8AA3AE0D4589DE54B /* [CP] Copy Pods Resources */ = {
			isa = PBXShellScriptBuildPhase;
			buildActionMask = 2147483647;
			files = (
			);
			inputPaths = (
			);
			name = "[CP] Copy Pods Resources";
			outputPaths = (
			);
			runOnlyForDeploymentPostprocessing = 0;
			shellPath = /bin/sh;
			shellScript = "\"${SRCROOT}/Pods/Target Support Files/Pods-UpTests/Pods-UpTests-resources.sh\"\n";
			showEnvVarsInLog = 0;
		};
		D431E2C10FFD4F034B096B9E /* [CP] Copy Pods Resources */ = {
			isa = PBXShellScriptBuildPhase;
			buildActionMask = 2147483647;
			files = (
			);
			inputPaths = (
			);
			name = "[CP] Copy Pods Resources";
			outputPaths = (
			);
			runOnlyForDeploymentPostprocessing = 0;
			shellPath = /bin/sh;
			shellScript = "\"${SRCROOT}/Pods/Target Support Files/Pods-Up/Pods-Up-resources.sh\"\n";
			showEnvVarsInLog = 0;
		};
		E41C96D7C3326AA385125074 /* [CP] Check Pods Manifest.lock */ = {
			isa = PBXShellScriptBuildPhase;
			buildActionMask = 2147483647;
			files = (
			);
			inputPaths = (
			);
			name = "[CP] Check Pods Manifest.lock";
			outputPaths = (
			);
			runOnlyForDeploymentPostprocessing = 0;
			shellPath = /bin/sh;
			shellScript = "diff \"${PODS_ROOT}/../Podfile.lock\" \"${PODS_ROOT}/Manifest.lock\" > /dev/null\nif [ $? != 0 ] ; then\n    # print error to STDERR\n    echo \"error: The sandbox is not in sync with the Podfile.lock. Run 'pod install' or update your CocoaPods installation.\" >&2\n    exit 1\nfi\n";
			showEnvVarsInLog = 0;
		};
		ED3F2122075EEB47F42594DC /* [CP] Check Pods Manifest.lock */ = {
			isa = PBXShellScriptBuildPhase;
			buildActionMask = 2147483647;
			files = (
			);
			inputPaths = (
			);
			name = "[CP] Check Pods Manifest.lock";
			outputPaths = (
			);
			runOnlyForDeploymentPostprocessing = 0;
			shellPath = /bin/sh;
			shellScript = "diff \"${PODS_ROOT}/../Podfile.lock\" \"${PODS_ROOT}/Manifest.lock\" > /dev/null\nif [ $? != 0 ] ; then\n    # print error to STDERR\n    echo \"error: The sandbox is not in sync with the Podfile.lock. Run 'pod install' or update your CocoaPods installation.\" >&2\n    exit 1\nfi\n";
			showEnvVarsInLog = 0;
		};
/* End PBXShellScriptBuildPhase section */

/* Begin PBXSourcesBuildPhase section */
		7404C03A1D1F5F3D004BD95F /* Sources */ = {
			isa = PBXSourcesBuildPhase;
			buildActionMask = 2147483647;
			files = (
				7404C0751D1F7148004BD95F /* UpNavigationController.swift in Sources */,
				7404C0441D1F5F3D004BD95F /* UpViewController.swift in Sources */,
				74757B891D80EC7400C88302 /* UpTabBarController.swift in Sources */,
				746380391D86001C00244950 /* DownButton.swift in Sources */,
				74B182E51D77A7D500CC4873 /* ResponseCollectionViewCell.swift in Sources */,
				74B182E11D77980600CC4873 /* RequestsPageViewController.swift in Sources */,
				7456F5131D7BAD0E003CF997 /* Response.swift in Sources */,
				74D9CB451D6D404B00AB48A6 /* Up.swift in Sources */,
				7463802B1D85119000244950 /* CheckmarkView.swift in Sources */,
				7404C0731D1F6031004BD95F /* UpCollectionViewCell.swift in Sources */,
				74C73BA71D6FDF3900E011AD /* Helpers.swift in Sources */,
				7404C04A1D1F5F3D004BD95F /* Up.xcdatamodeld in Sources */,
				7404C0421D1F5F3D004BD95F /* AppDelegate.swift in Sources */,
				7479CD9D1D72548A0005F3E2 /* InquiriesViewController.swift in Sources */,
				746380371D86000000244950 /* UpButton.swift in Sources */,
				7479CDA31D7398F50005F3E2 /* SettingsViewController.swift in Sources */,
				741A5ABB1D4ADD1C0003468D /* CreateUpViewController.swift in Sources */,
				74D9CB471D6E6DC600AB48A6 /* Friend.swift in Sources */,
				7479CDA11D729F330005F3E2 /* DatabaseHelper.swift in Sources */,
				74C73BA51D6FCE5A00E011AD /* LogInViewController.swift in Sources */,
				7456F5111D7BACFC003CF997 /* Inquiry.swift in Sources */,
				7489716F1D7FB52700BBB94D /* UpStyleKit.swift in Sources */,
				7479CD9F1D725AA50005F3E2 /* InquiriesCollectionViewCell.swift in Sources */,
				74B182E31D779C5A00CC4873 /* ResponsesViewController.swift in Sources */,
				74C73BA11D6FC2B300E011AD /* Constants.swift in Sources */,
			);
			runOnlyForDeploymentPostprocessing = 0;
		};
		7404C0511D1F5F3E004BD95F /* Sources */ = {
			isa = PBXSourcesBuildPhase;
			buildActionMask = 2147483647;
			files = (
				7404C05A1D1F5F3E004BD95F /* UpTests.swift in Sources */,
			);
			runOnlyForDeploymentPostprocessing = 0;
		};
		7404C05C1D1F5F3E004BD95F /* Sources */ = {
			isa = PBXSourcesBuildPhase;
			buildActionMask = 2147483647;
			files = (
				7404C0651D1F5F3E004BD95F /* UpUITests.swift in Sources */,
			);
			runOnlyForDeploymentPostprocessing = 0;
		};
/* End PBXSourcesBuildPhase section */

/* Begin PBXTargetDependency section */
		7404C0571D1F5F3E004BD95F /* PBXTargetDependency */ = {
			isa = PBXTargetDependency;
			target = 7404C03D1D1F5F3D004BD95F /* Up */;
			targetProxy = 7404C0561D1F5F3E004BD95F /* PBXContainerItemProxy */;
		};
		7404C0621D1F5F3E004BD95F /* PBXTargetDependency */ = {
			isa = PBXTargetDependency;
			target = 7404C03D1D1F5F3D004BD95F /* Up */;
			targetProxy = 7404C0611D1F5F3E004BD95F /* PBXContainerItemProxy */;
		};
/* End PBXTargetDependency section */

/* Begin PBXVariantGroup section */
		7404C0451D1F5F3D004BD95F /* Main.storyboard */ = {
			isa = PBXVariantGroup;
			children = (
				7404C0461D1F5F3D004BD95F /* Base */,
			);
			name = Main.storyboard;
			sourceTree = "<group>";
		};
		7404C04D1D1F5F3D004BD95F /* LaunchScreen.storyboard */ = {
			isa = PBXVariantGroup;
			children = (
				7404C04E1D1F5F3D004BD95F /* Base */,
			);
			name = LaunchScreen.storyboard;
			sourceTree = "<group>";
		};
/* End PBXVariantGroup section */

/* Begin XCBuildConfiguration section */
		7404C0671D1F5F3E004BD95F /* Debug */ = {
			isa = XCBuildConfiguration;
			buildSettings = {
				ALWAYS_SEARCH_USER_PATHS = NO;
				CLANG_CXX_LANGUAGE_STANDARD = "gnu++0x";
				CLANG_CXX_LIBRARY = "libc++";
				CLANG_ENABLE_MODULES = YES;
				CLANG_ENABLE_OBJC_ARC = YES;
				CLANG_WARN_BOOL_CONVERSION = YES;
				CLANG_WARN_CONSTANT_CONVERSION = YES;
				CLANG_WARN_DIRECT_OBJC_ISA_USAGE = YES_ERROR;
				CLANG_WARN_EMPTY_BODY = YES;
				CLANG_WARN_ENUM_CONVERSION = YES;
				CLANG_WARN_INFINITE_RECURSION = YES;
				CLANG_WARN_INT_CONVERSION = YES;
				CLANG_WARN_OBJC_ROOT_CLASS = YES_ERROR;
				CLANG_WARN_SUSPICIOUS_MOVE = YES;
				CLANG_WARN_UNREACHABLE_CODE = YES;
				CLANG_WARN__DUPLICATE_METHOD_MATCH = YES;
				"CODE_SIGN_IDENTITY[sdk=iphoneos*]" = "iPhone Developer";
				COPY_PHASE_STRIP = NO;
				DEBUG_INFORMATION_FORMAT = dwarf;
				ENABLE_BITCODE = YES;
				ENABLE_STRICT_OBJC_MSGSEND = YES;
				ENABLE_TESTABILITY = YES;
				FRAMEWORK_SEARCH_PATHS = "";
				GCC_C_LANGUAGE_STANDARD = gnu99;
				GCC_DYNAMIC_NO_PIC = NO;
				GCC_NO_COMMON_BLOCKS = YES;
				GCC_OPTIMIZATION_LEVEL = 0;
				GCC_PREPROCESSOR_DEFINITIONS = (
					"DEBUG=1",
					"$(inherited)",
				);
				GCC_WARN_64_TO_32_BIT_CONVERSION = YES;
				GCC_WARN_ABOUT_RETURN_TYPE = YES_ERROR;
				GCC_WARN_UNDECLARED_SELECTOR = YES;
				GCC_WARN_UNINITIALIZED_AUTOS = YES_AGGRESSIVE;
				GCC_WARN_UNUSED_FUNCTION = YES;
				GCC_WARN_UNUSED_VARIABLE = YES;
				IPHONEOS_DEPLOYMENT_TARGET = 9.2;
				MTL_ENABLE_DEBUG_INFO = YES;
				ONLY_ACTIVE_ARCH = YES;
				REEXPORTED_FRAMEWORK_NAMES = "";
				SDKROOT = iphoneos;
				SWIFT_OPTIMIZATION_LEVEL = "-Onone";
			};
			name = Debug;
		};
		7404C0681D1F5F3E004BD95F /* Release */ = {
			isa = XCBuildConfiguration;
			buildSettings = {
				ALWAYS_SEARCH_USER_PATHS = NO;
				CLANG_CXX_LANGUAGE_STANDARD = "gnu++0x";
				CLANG_CXX_LIBRARY = "libc++";
				CLANG_ENABLE_MODULES = YES;
				CLANG_ENABLE_OBJC_ARC = YES;
				CLANG_WARN_BOOL_CONVERSION = YES;
				CLANG_WARN_CONSTANT_CONVERSION = YES;
				CLANG_WARN_DIRECT_OBJC_ISA_USAGE = YES_ERROR;
				CLANG_WARN_EMPTY_BODY = YES;
				CLANG_WARN_ENUM_CONVERSION = YES;
				CLANG_WARN_INFINITE_RECURSION = YES;
				CLANG_WARN_INT_CONVERSION = YES;
				CLANG_WARN_OBJC_ROOT_CLASS = YES_ERROR;
				CLANG_WARN_SUSPICIOUS_MOVE = YES;
				CLANG_WARN_UNREACHABLE_CODE = YES;
				CLANG_WARN__DUPLICATE_METHOD_MATCH = YES;
				"CODE_SIGN_IDENTITY[sdk=iphoneos*]" = "iPhone Developer";
				COPY_PHASE_STRIP = NO;
				DEBUG_INFORMATION_FORMAT = "dwarf-with-dsym";
				ENABLE_BITCODE = YES;
				ENABLE_NS_ASSERTIONS = NO;
				ENABLE_STRICT_OBJC_MSGSEND = YES;
				FRAMEWORK_SEARCH_PATHS = "";
				GCC_C_LANGUAGE_STANDARD = gnu99;
				GCC_NO_COMMON_BLOCKS = YES;
				GCC_WARN_64_TO_32_BIT_CONVERSION = YES;
				GCC_WARN_ABOUT_RETURN_TYPE = YES_ERROR;
				GCC_WARN_UNDECLARED_SELECTOR = YES;
				GCC_WARN_UNINITIALIZED_AUTOS = YES_AGGRESSIVE;
				GCC_WARN_UNUSED_FUNCTION = YES;
				GCC_WARN_UNUSED_VARIABLE = YES;
				IPHONEOS_DEPLOYMENT_TARGET = 9.2;
				MTL_ENABLE_DEBUG_INFO = NO;
				REEXPORTED_FRAMEWORK_NAMES = "";
				SDKROOT = iphoneos;
				SWIFT_OPTIMIZATION_LEVEL = "-Owholemodule";
				VALIDATE_PRODUCT = YES;
			};
			name = Release;
		};
		7404C06A1D1F5F3E004BD95F /* Debug */ = {
			isa = XCBuildConfiguration;
			baseConfigurationReference = C925C7BA7820E4F9C5E32485 /* Pods-Up.debug.xcconfig */;
			buildSettings = {
				ASSETCATALOG_COMPILER_APPICON_NAME = AppIcon;
				CODE_SIGN_IDENTITY = "iPhone Developer";
				"CODE_SIGN_IDENTITY[sdk=iphoneos*]" = "iPhone Developer";
				DEVELOPMENT_TEAM = J7826XAREP;
				INFOPLIST_FILE = Up/Info.plist;
				LD_RUNPATH_SEARCH_PATHS = "$(inherited) @executable_path/Frameworks";
				OTHER_CFLAGS = (
					"$(inherited)",
					"-isystem",
					"\"${PODS_ROOT}/Headers/Public\"",
					"-isystem",
					"\"${PODS_ROOT}/Headers/Public/Firebase\"",
					"-isystem",
					"\"${PODS_ROOT}/Headers/Public/FirebaseAnalytics\"",
					"-isystem",
					"\"${PODS_ROOT}/Headers/Public/FirebaseAuth\"",
					"-isystem",
					"\"${PODS_ROOT}/Headers/Public/FirebaseDatabase\"",
					"-isystem",
					"\"${PODS_ROOT}/Headers/Public/FirebaseInstanceID\"",
					"-isystem",
					"\"${PODS_ROOT}/Headers/Public/FirebaseMessaging\"",
					"-isystem",
					"\"${PODS_ROOT}/Headers/Public/GoogleIPhoneUtilities\"",
					"-isystem",
					"\"${PODS_ROOT}/Headers/Public/GoogleInterchangeUtilities\"",
					"-isystem",
					"\"${PODS_ROOT}/Headers/Public/GoogleNetworkingUtilities\"",
					"-isystem",
					"\"${PODS_ROOT}/Headers/Public/GoogleSymbolUtilities\"",
					"-isystem",
					"\"${PODS_ROOT}/Headers/Public/GoogleUtilities\"",
				);
				OTHER_LDFLAGS = (
					"$(inherited)",
					"-ObjC",
					"-l\"c++\"",
					"-l\"icucore\"",
					"-l\"sqlite3\"",
					"-l\"z\"",
					"-framework",
					"\"AdSupport\"",
					"-framework",
					"\"AddressBook\"",
					"-framework",
					"\"CFNetwork\"",
					"-framework",
					"\"CoreGraphics\"",
					"-framework",
					"\"FirebaseAnalytics\"",
					"-framework",
					"\"FirebaseAuth\"",
					"-framework",
					"\"FirebaseDatabase\"",
					"-framework",
					"\"FirebaseInstanceID\"",
					"-framework",
					"\"GoogleInterchangeUtilities\"",
					"-framework",
					"\"GoogleNetworkingUtilities\"",
					"-framework",
					"\"GoogleSymbolUtilities\"",
					"-framework",
					"\"GoogleUtilities\"",
					"-framework",
					"\"SafariServices\"",
					"-framework",
					"\"Security\"",
					"-framework",
					"\"StoreKit\"",
					"-framework",
					"\"SystemConfiguration\"",
				);
				PRODUCT_BUNDLE_IDENTIFIER = com.HyperElephant.Up;
				PRODUCT_NAME = "$(TARGET_NAME)";
				PROVISIONING_PROFILE = "";
				SWIFT_VERSION = 3.0;
			};
			name = Debug;
		};
		7404C06B1D1F5F3E004BD95F /* Release */ = {
			isa = XCBuildConfiguration;
			baseConfigurationReference = 38DE24A198A0A06E2BDCFAFE /* Pods-Up.release.xcconfig */;
			buildSettings = {
				ASSETCATALOG_COMPILER_APPICON_NAME = AppIcon;
				CODE_SIGN_IDENTITY = "iPhone Developer";
				"CODE_SIGN_IDENTITY[sdk=iphoneos*]" = "iPhone Developer";
				DEVELOPMENT_TEAM = J7826XAREP;
				INFOPLIST_FILE = Up/Info.plist;
				LD_RUNPATH_SEARCH_PATHS = "$(inherited) @executable_path/Frameworks";
				OTHER_CFLAGS = (
					"$(inherited)",
					"-isystem",
					"\"${PODS_ROOT}/Headers/Public\"",
					"-isystem",
					"\"${PODS_ROOT}/Headers/Public/Firebase\"",
					"-isystem",
					"\"${PODS_ROOT}/Headers/Public/FirebaseAnalytics\"",
					"-isystem",
					"\"${PODS_ROOT}/Headers/Public/FirebaseAuth\"",
					"-isystem",
					"\"${PODS_ROOT}/Headers/Public/FirebaseDatabase\"",
					"-isystem",
					"\"${PODS_ROOT}/Headers/Public/FirebaseInstanceID\"",
					"-isystem",
					"\"${PODS_ROOT}/Headers/Public/FirebaseMessaging\"",
					"-isystem",
					"\"${PODS_ROOT}/Headers/Public/GoogleIPhoneUtilities\"",
					"-isystem",
					"\"${PODS_ROOT}/Headers/Public/GoogleInterchangeUtilities\"",
					"-isystem",
					"\"${PODS_ROOT}/Headers/Public/GoogleNetworkingUtilities\"",
					"-isystem",
					"\"${PODS_ROOT}/Headers/Public/GoogleSymbolUtilities\"",
					"-isystem",
					"\"${PODS_ROOT}/Headers/Public/GoogleUtilities\"",
				);
				OTHER_LDFLAGS = (
					"$(inherited)",
					"-ObjC",
					"-l\"c++\"",
					"-l\"icucore\"",
					"-l\"sqlite3\"",
					"-l\"z\"",
					"-framework",
					"\"AdSupport\"",
					"-framework",
					"\"AddressBook\"",
					"-framework",
					"\"CFNetwork\"",
					"-framework",
					"\"CoreGraphics\"",
					"-framework",
					"\"FirebaseAnalytics\"",
					"-framework",
					"\"FirebaseAuth\"",
					"-framework",
					"\"FirebaseDatabase\"",
					"-framework",
					"\"FirebaseInstanceID\"",
					"-framework",
					"\"GoogleInterchangeUtilities\"",
					"-framework",
					"\"GoogleNetworkingUtilities\"",
					"-framework",
					"\"GoogleSymbolUtilities\"",
					"-framework",
					"\"GoogleUtilities\"",
					"-framework",
					"\"SafariServices\"",
					"-framework",
					"\"Security\"",
					"-framework",
					"\"StoreKit\"",
					"-framework",
					"\"SystemConfiguration\"",
				);
				PRODUCT_BUNDLE_IDENTIFIER = com.HyperElephant.Up;
				PRODUCT_NAME = "$(TARGET_NAME)";
				PROVISIONING_PROFILE = "";
				SWIFT_VERSION = 3.0;
			};
			name = Release;
		};
		7404C06D1D1F5F3E004BD95F /* Debug */ = {
			isa = XCBuildConfiguration;
			baseConfigurationReference = 49F585DABD321D617FB4C6AE /* Pods-UpTests.debug.xcconfig */;
			buildSettings = {
				BUNDLE_LOADER = "$(TEST_HOST)";
				INFOPLIST_FILE = UpTests/Info.plist;
				LD_RUNPATH_SEARCH_PATHS = "$(inherited) @executable_path/Frameworks @loader_path/Frameworks";
				PRODUCT_BUNDLE_IDENTIFIER = com.HyperElephant.UpTests;
				PRODUCT_NAME = "$(TARGET_NAME)";
				SWIFT_VERSION = 3.0;
				TEST_HOST = "$(BUILT_PRODUCTS_DIR)/Up.app/Up";
			};
			name = Debug;
		};
		7404C06E1D1F5F3E004BD95F /* Release */ = {
			isa = XCBuildConfiguration;
			baseConfigurationReference = F0EF4CDCC9B67D30E74EE5B7 /* Pods-UpTests.release.xcconfig */;
			buildSettings = {
				BUNDLE_LOADER = "$(TEST_HOST)";
				INFOPLIST_FILE = UpTests/Info.plist;
				LD_RUNPATH_SEARCH_PATHS = "$(inherited) @executable_path/Frameworks @loader_path/Frameworks";
				PRODUCT_BUNDLE_IDENTIFIER = com.HyperElephant.UpTests;
				PRODUCT_NAME = "$(TARGET_NAME)";
				SWIFT_VERSION = 3.0;
				TEST_HOST = "$(BUILT_PRODUCTS_DIR)/Up.app/Up";
			};
			name = Release;
		};
		7404C0701D1F5F3E004BD95F /* Debug */ = {
			isa = XCBuildConfiguration;
			baseConfigurationReference = CEA8286ECD8C5E40B1AB2FFC /* Pods-UpUITests.debug.xcconfig */;
			buildSettings = {
				INFOPLIST_FILE = UpUITests/Info.plist;
				LD_RUNPATH_SEARCH_PATHS = "$(inherited) @executable_path/Frameworks @loader_path/Frameworks";
				PRODUCT_BUNDLE_IDENTIFIER = com.HyperElephant.UpUITests;
				PRODUCT_NAME = "$(TARGET_NAME)";
				SWIFT_VERSION = 3.0;
				TEST_TARGET_NAME = Up;
				USES_XCTRUNNER = YES;
			};
			name = Debug;
		};
		7404C0711D1F5F3E004BD95F /* Release */ = {
			isa = XCBuildConfiguration;
			baseConfigurationReference = 0A74C6EF3FB9D85897EC4A83 /* Pods-UpUITests.release.xcconfig */;
			buildSettings = {
				INFOPLIST_FILE = UpUITests/Info.plist;
				LD_RUNPATH_SEARCH_PATHS = "$(inherited) @executable_path/Frameworks @loader_path/Frameworks";
				PRODUCT_BUNDLE_IDENTIFIER = com.HyperElephant.UpUITests;
				PRODUCT_NAME = "$(TARGET_NAME)";
				SWIFT_VERSION = 3.0;
				TEST_TARGET_NAME = Up;
				USES_XCTRUNNER = YES;
			};
			name = Release;
		};
/* End XCBuildConfiguration section */

/* Begin XCConfigurationList section */
		7404C0391D1F5F3D004BD95F /* Build configuration list for PBXProject "Up" */ = {
			isa = XCConfigurationList;
			buildConfigurations = (
				7404C0671D1F5F3E004BD95F /* Debug */,
				7404C0681D1F5F3E004BD95F /* Release */,
			);
			defaultConfigurationIsVisible = 0;
			defaultConfigurationName = Release;
		};
		7404C0691D1F5F3E004BD95F /* Build configuration list for PBXNativeTarget "Up" */ = {
			isa = XCConfigurationList;
			buildConfigurations = (
				7404C06A1D1F5F3E004BD95F /* Debug */,
				7404C06B1D1F5F3E004BD95F /* Release */,
			);
			defaultConfigurationIsVisible = 0;
			defaultConfigurationName = Release;
		};
		7404C06C1D1F5F3E004BD95F /* Build configuration list for PBXNativeTarget "UpTests" */ = {
			isa = XCConfigurationList;
			buildConfigurations = (
				7404C06D1D1F5F3E004BD95F /* Debug */,
				7404C06E1D1F5F3E004BD95F /* Release */,
			);
			defaultConfigurationIsVisible = 0;
			defaultConfigurationName = Release;
		};
		7404C06F1D1F5F3E004BD95F /* Build configuration list for PBXNativeTarget "UpUITests" */ = {
			isa = XCConfigurationList;
			buildConfigurations = (
				7404C0701D1F5F3E004BD95F /* Debug */,
				7404C0711D1F5F3E004BD95F /* Release */,
			);
			defaultConfigurationIsVisible = 0;
			defaultConfigurationName = Release;
		};
/* End XCConfigurationList section */

/* Begin XCVersionGroup section */
		7404C0481D1F5F3D004BD95F /* Up.xcdatamodeld */ = {
			isa = XCVersionGroup;
			children = (
				7404C0491D1F5F3D004BD95F /* Up.xcdatamodel */,
			);
			currentVersion = 7404C0491D1F5F3D004BD95F /* Up.xcdatamodel */;
			path = Up.xcdatamodeld;
			sourceTree = "<group>";
			versionGroupType = wrapper.xcdatamodel;
		};
/* End XCVersionGroup section */
	};
	rootObject = 7404C0361D1F5F3D004BD95F /* Project object */;
}
